
Microsoft Visual Studio Solution File, Format Version 12.00
# Visual Studio Version 17
VisualStudioVersion = 17.0.31903.59
MinimumVisualStudioVersion = 10.0.40219.1
Project("{2150E333-8FDC-42A3-9474-1A3956D46DE8}") = "src", "src", "{F1480F29-3985-480E-A7FB-9F6E3AA86B77}"
EndProject
Project("{9A19103F-16F7-4668-BE54-9A1E7A4F7556}") = "QuickCalc.Domain", "src\QuikcCalc.Domain\QuickCalc.Domain.csproj", "{9676E442-FC5D-4726-B4E7-D9D0FFCE98AD}"
EndProject
Project("{2150E333-8FDC-42A3-9474-1A3956D46DE8}") = "test", "test", "{233E38C3-119E-4362-A25A-10E756C1E1FD}"
EndProject
Project("{9A19103F-16F7-4668-BE54-9A1E7A4F7556}") = "QuickCalc.Domain.UnitTests", "test\QuikcCalc.Domain.UnitTests\QuickCalc.Domain.UnitTests.csproj", "{FAE439B0-D0F8-4408-B303-82F066C7B7E8}"
EndProject
Project("{9A19103F-16F7-4668-BE54-9A1E7A4F7556}") = "QuickCalc.Domain.Shared", "src\QuickCalc.Domain.Shared\QuickCalc.Domain.Shared.csproj", "{5C03E5F0-771F-46C1-8E2A-D779C7D79D3A}"
EndProject
Project("{9A19103F-16F7-4668-BE54-9A1E7A4F7556}") = "QuickCalc.Infrastructure", "src\QuickCalc.Infrastructure\QuickCalc.Infrastructure.csproj", "{689AC1BF-B108-40E0-9F27-ADFB022E7148}"
EndProject
Project("{9A19103F-16F7-4668-BE54-9A1E7A4F7556}") = "QuikcCalc.App.UnitTests", "test\QuikcCalc.App.UnitTests\QuikcCalc.App.UnitTests.csproj", "{2721A44A-7186-40D7-AB5F-A691A3A30797}"
EndProject
Project("{9A19103F-16F7-4668-BE54-9A1E7A4F7556}") = "QuikcCalc.Infrastructure.UnitTests", "test\QuikcCalc.Infrastructure.UnitTests\QuikcCalc.Infrastructure.UnitTests.csproj", "{3BECA9AC-3F91-4F13-A8DD-E0B29CD1575D}"
EndProject
Project("{9A19103F-16F7-4668-BE54-9A1E7A4F7556}") = "QuikcCalc.Domain.Shared.UnitTests", "test\QuikcCalc.Domain.Shared.UnitTests\QuikcCalc.Domain.Shared.UnitTests.csproj", "{8720EA1F-D9C1-4C52-95E7-EEECC8344E61}"
EndProject
Project("{9A19103F-16F7-4668-BE54-9A1E7A4F7556}") = "QuickCalc.Application", "src\QuickCalc.Application\QuickCalc.Application.csproj", "{59A6968F-DEAF-4BFA-B066-601939C39527}"
EndProject
Project("{9A19103F-16F7-4668-BE54-9A1E7A4F7556}") = "QuickCalc.Application.Desktop", "src\QuickCalc.Application.Desktop\QuickCalc.Application.Desktop.csproj", "{DA5C668A-2C1F-4D67-8FA8-DEC667F8A261}"
EndProject
Global
	GlobalSection(SolutionConfigurationPlatforms) = preSolution
		Debug|Any CPU = Debug|Any CPU
		Release|Any CPU = Release|Any CPU
	EndGlobalSection
	GlobalSection(ProjectConfigurationPlatforms) = postSolution
		{9676E442-FC5D-4726-B4E7-D9D0FFCE98AD}.Debug|Any CPU.ActiveCfg = Debug|Any CPU
		{9676E442-FC5D-4726-B4E7-D9D0FFCE98AD}.Debug|Any CPU.Build.0 = Debug|Any CPU
		{9676E442-FC5D-4726-B4E7-D9D0FFCE98AD}.Release|Any CPU.ActiveCfg = Release|Any CPU
		{9676E442-FC5D-4726-B4E7-D9D0FFCE98AD}.Release|Any CPU.Build.0 = Release|Any CPU
		{FAE439B0-D0F8-4408-B303-82F066C7B7E8}.Debug|Any CPU.ActiveCfg = Debug|Any CPU
		{FAE439B0-D0F8-4408-B303-82F066C7B7E8}.Debug|Any CPU.Build.0 = Debug|Any CPU
		{FAE439B0-D0F8-4408-B303-82F066C7B7E8}.Release|Any CPU.ActiveCfg = Release|Any CPU
		{FAE439B0-D0F8-4408-B303-82F066C7B7E8}.Release|Any CPU.Build.0 = Release|Any CPU
		{5C03E5F0-771F-46C1-8E2A-D779C7D79D3A}.Debug|Any CPU.ActiveCfg = Debug|Any CPU
		{5C03E5F0-771F-46C1-8E2A-D779C7D79D3A}.Debug|Any CPU.Build.0 = Debug|Any CPU
		{5C03E5F0-771F-46C1-8E2A-D779C7D79D3A}.Release|Any CPU.ActiveCfg = Release|Any CPU
		{5C03E5F0-771F-46C1-8E2A-D779C7D79D3A}.Release|Any CPU.Build.0 = Release|Any CPU
		{689AC1BF-B108-40E0-9F27-ADFB022E7148}.Debug|Any CPU.ActiveCfg = Debug|Any CPU
		{689AC1BF-B108-40E0-9F27-ADFB022E7148}.Debug|Any CPU.Build.0 = Debug|Any CPU
		{689AC1BF-B108-40E0-9F27-ADFB022E7148}.Release|Any CPU.ActiveCfg = Release|Any CPU
		{689AC1BF-B108-40E0-9F27-ADFB022E7148}.Release|Any CPU.Build.0 = Release|Any CPU
		{2721A44A-7186-40D7-AB5F-A691A3A30797}.Debug|Any CPU.ActiveCfg = Debug|Any CPU
		{2721A44A-7186-40D7-AB5F-A691A3A30797}.Debug|Any CPU.Build.0 = Debug|Any CPU
		{2721A44A-7186-40D7-AB5F-A691A3A30797}.Release|Any CPU.ActiveCfg = Release|Any CPU
		{2721A44A-7186-40D7-AB5F-A691A3A30797}.Release|Any CPU.Build.0 = Release|Any CPU
		{3BECA9AC-3F91-4F13-A8DD-E0B29CD1575D}.Debug|Any CPU.ActiveCfg = Debug|Any CPU
		{3BECA9AC-3F91-4F13-A8DD-E0B29CD1575D}.Debug|Any CPU.Build.0 = Debug|Any CPU
		{3BECA9AC-3F91-4F13-A8DD-E0B29CD1575D}.Release|Any CPU.ActiveCfg = Release|Any CPU
		{3BECA9AC-3F91-4F13-A8DD-E0B29CD1575D}.Release|Any CPU.Build.0 = Release|Any CPU
		{8720EA1F-D9C1-4C52-95E7-EEECC8344E61}.Debug|Any CPU.ActiveCfg = Debug|Any CPU
		{8720EA1F-D9C1-4C52-95E7-EEECC8344E61}.Debug|Any CPU.Build.0 = Debug|Any CPU
		{8720EA1F-D9C1-4C52-95E7-EEECC8344E61}.Release|Any CPU.ActiveCfg = Release|Any CPU
		{8720EA1F-D9C1-4C52-95E7-EEECC8344E61}.Release|Any CPU.Build.0 = Release|Any CPU
		{59A6968F-DEAF-4BFA-B066-601939C39527}.Debug|Any CPU.ActiveCfg = Debug|Any CPU
		{59A6968F-DEAF-4BFA-B066-601939C39527}.Debug|Any CPU.Build.0 = Debug|Any CPU
		{59A6968F-DEAF-4BFA-B066-601939C39527}.Release|Any CPU.ActiveCfg = Release|Any CPU
		{59A6968F-DEAF-4BFA-B066-601939C39527}.Release|Any CPU.Build.0 = Release|Any CPU
		{DA5C668A-2C1F-4D67-8FA8-DEC667F8A261}.Debug|Any CPU.ActiveCfg = Debug|Any CPU
		{DA5C668A-2C1F-4D67-8FA8-DEC667F8A261}.Debug|Any CPU.Build.0 = Debug|Any CPU
		{DA5C668A-2C1F-4D67-8FA8-DEC667F8A261}.Release|Any CPU.ActiveCfg = Release|Any CPU
		{DA5C668A-2C1F-4D67-8FA8-DEC667F8A261}.Release|Any CPU.Build.0 = Release|Any CPU
	EndGlobalSection
	GlobalSection(SolutionProperties) = preSolution
		HideSolutionNode = FALSE
	EndGlobalSection
	GlobalSection(NestedProjects) = preSolution
		{9676E442-FC5D-4726-B4E7-D9D0FFCE98AD} = {F1480F29-3985-480E-A7FB-9F6E3AA86B77}
		{FAE439B0-D0F8-4408-B303-82F066C7B7E8} = {233E38C3-119E-4362-A25A-10E756C1E1FD}
		{5C03E5F0-771F-46C1-8E2A-D779C7D79D3A} = {F1480F29-3985-480E-A7FB-9F6E3AA86B77}
		{689AC1BF-B108-40E0-9F27-ADFB022E7148} = {F1480F29-3985-480E-A7FB-9F6E3AA86B77}
		{2721A44A-7186-40D7-AB5F-A691A3A30797} = {233E38C3-119E-4362-A25A-10E756C1E1FD}
		{3BECA9AC-3F91-4F13-A8DD-E0B29CD1575D} = {233E38C3-119E-4362-A25A-10E756C1E1FD}
		{8720EA1F-D9C1-4C52-95E7-EEECC8344E61} = {233E38C3-119E-4362-A25A-10E756C1E1FD}
		{59A6968F-DEAF-4BFA-B066-601939C39527} = {F1480F29-3985-480E-A7FB-9F6E3AA86B77}
		{DA5C668A-2C1F-4D67-8FA8-DEC667F8A261} = {F1480F29-3985-480E-A7FB-9F6E3AA86B77}
	EndGlobalSection
	GlobalSection(ExtensibilityGlobals) = postSolution
		SolutionGuid = {7721CF44-CADF-45E2-A5CB-B8F185779133}
	EndGlobalSection
EndGlobal
