
Microsoft Visual Studio Solution File, Format Version 12.00
# Visual Studio Version 17
VisualStudioVersion = 17.0.31903.59
MinimumVisualStudioVersion = 10.0.40219.1
Project("{2150E333-8FDC-42A3-9474-1A3956D46DE8}") = "src", "src", "{F1480F29-3985-480E-A7FB-9F6E3AA86B77}"
EndProject
Project("{2150E333-8FDC-42A3-9474-1A3956D46DE8}") = "test", "test", "{233E38C3-119E-4362-A25A-10E756C1E1FD}"
EndProject
Project("{9A19103F-16F7-4668-BE54-9A1E7A4F7556}") = "Calculator.Doamin.Tests", "test\Calculator.Domain.Tests\Calculator.Doamin.Tests.csproj", "{9C312D40-BEDF-4264-8BA7-33B65BEB8DF8}"
EndProject
Project("{9A19103F-16F7-4668-BE54-9A1E7A4F7556}") = "Calculator.Domain.Shared.Tests", "test\Calculator.Domain.Shared.Tests\Calculator.Domain.Shared.Tests.csproj", "{F6E55A29-5033-4882-BEAE-C8B7A60A6691}"
EndProject
Project("{9A19103F-16F7-4668-BE54-9A1E7A4F7556}") = "Calculator.Infrastructure.Tests", "test\Calculator.Infrastructure.Tests\Calculator.Infrastructure.Tests.csproj", "{8DC1421C-6D29-4166-86C8-9D10B4E197A0}"
EndProject
Project("{9A19103F-16F7-4668-BE54-9A1E7A4F7556}") = "Calculator.Application", "src\Calculator.Application\Calculator.Application.csproj", "{BBA1991F-0777-4DF6-BE56-6343A585F01F}"
EndProject
Project("{9A19103F-16F7-4668-BE54-9A1E7A4F7556}") = "Calculator.Application.Desktop", "src\Calculator.Application.Desktop\Calculator.Application.Desktop.csproj", "{B64A3DC4-9A15-4C27-96D7-8CD30A9F56D2}"
EndProject
Project("{9A19103F-16F7-4668-BE54-9A1E7A4F7556}") = "Calculator.Domain", "src\Calculator.Domain\Calculator.Domain.csproj", "{EF6CACFD-6422-431E-B9D7-48FAD1BC3C4B}"
EndProject
Project("{9A19103F-16F7-4668-BE54-9A1E7A4F7556}") = "Calculator.Domain.Shared", "src\Calculator.Domain.Shared\Calculator.Domain.Shared.csproj", "{F1E4C6C8-19F1-42C8-8DD5-C247B88B8EC2}"
EndProject
Project("{9A19103F-16F7-4668-BE54-9A1E7A4F7556}") = "Calculator.Infrastructure", "src\Calculator.Infrastructure\Calculator.Infrastructure.csproj", "{009A6797-CD33-4E64-99BA-05072EF257E7}"
EndProject
Global
	GlobalSection(SolutionConfigurationPlatforms) = preSolution
		Debug|Any CPU = Debug|Any CPU
		Release|Any CPU = Release|Any CPU
	EndGlobalSection
	GlobalSection(ProjectConfigurationPlatforms) = postSolution
		{9C312D40-BEDF-4264-8BA7-33B65BEB8DF8}.Debug|Any CPU.ActiveCfg = Debug|Any CPU
		{9C312D40-BEDF-4264-8BA7-33B65BEB8DF8}.Debug|Any CPU.Build.0 = Debug|Any CPU
		{9C312D40-BEDF-4264-8BA7-33B65BEB8DF8}.Release|Any CPU.ActiveCfg = Release|Any CPU
		{9C312D40-BEDF-4264-8BA7-33B65BEB8DF8}.Release|Any CPU.Build.0 = Release|Any CPU
		{F6E55A29-5033-4882-BEAE-C8B7A60A6691}.Debug|Any CPU.ActiveCfg = Debug|Any CPU
		{F6E55A29-5033-4882-BEAE-C8B7A60A6691}.Debug|Any CPU.Build.0 = Debug|Any CPU
		{F6E55A29-5033-4882-BEAE-C8B7A60A6691}.Release|Any CPU.ActiveCfg = Release|Any CPU
		{F6E55A29-5033-4882-BEAE-C8B7A60A6691}.Release|Any CPU.Build.0 = Release|Any CPU
		{8DC1421C-6D29-4166-86C8-9D10B4E197A0}.Debug|Any CPU.ActiveCfg = Debug|Any CPU
		{8DC1421C-6D29-4166-86C8-9D10B4E197A0}.Debug|Any CPU.Build.0 = Debug|Any CPU
		{8DC1421C-6D29-4166-86C8-9D10B4E197A0}.Release|Any CPU.ActiveCfg = Release|Any CPU
		{8DC1421C-6D29-4166-86C8-9D10B4E197A0}.Release|Any CPU.Build.0 = Release|Any CPU
		{BBA1991F-0777-4DF6-BE56-6343A585F01F}.Debug|Any CPU.ActiveCfg = Debug|Any CPU
		{BBA1991F-0777-4DF6-BE56-6343A585F01F}.Debug|Any CPU.Build.0 = Debug|Any CPU
		{BBA1991F-0777-4DF6-BE56-6343A585F01F}.Release|Any CPU.ActiveCfg = Release|Any CPU
		{BBA1991F-0777-4DF6-BE56-6343A585F01F}.Release|Any CPU.Build.0 = Release|Any CPU
		{B64A3DC4-9A15-4C27-96D7-8CD30A9F56D2}.Debug|Any CPU.ActiveCfg = Debug|Any CPU
		{B64A3DC4-9A15-4C27-96D7-8CD30A9F56D2}.Debug|Any CPU.Build.0 = Debug|Any CPU
		{B64A3DC4-9A15-4C27-96D7-8CD30A9F56D2}.Release|Any CPU.ActiveCfg = Release|Any CPU
		{B64A3DC4-9A15-4C27-96D7-8CD30A9F56D2}.Release|Any CPU.Build.0 = Release|Any CPU
		{EF6CACFD-6422-431E-B9D7-48FAD1BC3C4B}.Debug|Any CPU.ActiveCfg = Debug|Any CPU
		{EF6CACFD-6422-431E-B9D7-48FAD1BC3C4B}.Debug|Any CPU.Build.0 = Debug|Any CPU
		{EF6CACFD-6422-431E-B9D7-48FAD1BC3C4B}.Release|Any CPU.ActiveCfg = Release|Any CPU
		{EF6CACFD-6422-431E-B9D7-48FAD1BC3C4B}.Release|Any CPU.Build.0 = Release|Any CPU
		{F1E4C6C8-19F1-42C8-8DD5-C247B88B8EC2}.Debug|Any CPU.ActiveCfg = Debug|Any CPU
		{F1E4C6C8-19F1-42C8-8DD5-C247B88B8EC2}.Debug|Any CPU.Build.0 = Debug|Any CPU
		{F1E4C6C8-19F1-42C8-8DD5-C247B88B8EC2}.Release|Any CPU.ActiveCfg = Release|Any CPU
		{F1E4C6C8-19F1-42C8-8DD5-C247B88B8EC2}.Release|Any CPU.Build.0 = Release|Any CPU
		{009A6797-CD33-4E64-99BA-05072EF257E7}.Debug|Any CPU.ActiveCfg = Debug|Any CPU
		{009A6797-CD33-4E64-99BA-05072EF257E7}.Debug|Any CPU.Build.0 = Debug|Any CPU
		{009A6797-CD33-4E64-99BA-05072EF257E7}.Release|Any CPU.ActiveCfg = Release|Any CPU
		{009A6797-CD33-4E64-99BA-05072EF257E7}.Release|Any CPU.Build.0 = Release|Any CPU
	EndGlobalSection
	GlobalSection(SolutionProperties) = preSolution
		HideSolutionNode = FALSE
	EndGlobalSection
	GlobalSection(NestedProjects) = preSolution
		{9C312D40-BEDF-4264-8BA7-33B65BEB8DF8} = {233E38C3-119E-4362-A25A-10E756C1E1FD}
		{F6E55A29-5033-4882-BEAE-C8B7A60A6691} = {233E38C3-119E-4362-A25A-10E756C1E1FD}
		{8DC1421C-6D29-4166-86C8-9D10B4E197A0} = {233E38C3-119E-4362-A25A-10E756C1E1FD}
		{BBA1991F-0777-4DF6-BE56-6343A585F01F} = {F1480F29-3985-480E-A7FB-9F6E3AA86B77}
		{B64A3DC4-9A15-4C27-96D7-8CD30A9F56D2} = {F1480F29-3985-480E-A7FB-9F6E3AA86B77}
		{EF6CACFD-6422-431E-B9D7-48FAD1BC3C4B} = {F1480F29-3985-480E-A7FB-9F6E3AA86B77}
		{F1E4C6C8-19F1-42C8-8DD5-C247B88B8EC2} = {F1480F29-3985-480E-A7FB-9F6E3AA86B77}
		{009A6797-CD33-4E64-99BA-05072EF257E7} = {F1480F29-3985-480E-A7FB-9F6E3AA86B77}
	EndGlobalSection
	GlobalSection(ExtensibilityGlobals) = postSolution
		SolutionGuid = {7721CF44-CADF-45E2-A5CB-B8F185779133}
	EndGlobalSection
EndGlobal
